
Microsoft Visual Studio Solution File, Format Version 12.00
# Visual Studio Version 16
VisualStudioVersion = 16.0.30406.217
MinimumVisualStudioVersion = 10.0.40219.1
Project("{9A19103F-16F7-4668-BE54-9A1E7A4F7556}") = "Commandante", "Commandante\Commandante.csproj", "{45AE77FB-1579-4873-A209-3F7CC16AE44E}"
EndProject
Global
	GlobalSection(SolutionConfigurationPlatforms) = preSolution
		Debug|Any CPU = Debug|Any CPU
		Release|Any CPU = Release|Any CPU
	EndGlobalSection
	GlobalSection(ProjectConfigurationPlatforms) = postSolution
		{45AE77FB-1579-4873-A209-3F7CC16AE44E}.Debug|Any CPU.ActiveCfg = Debug|Any CPU
		{45AE77FB-1579-4873-A209-3F7CC16AE44E}.Debug|Any CPU.Build.0 = Debug|Any CPU
		{45AE77FB-1579-4873-A209-3F7CC16AE44E}.Release|Any CPU.ActiveCfg = Release|Any CPU
		{45AE77FB-1579-4873-A209-3F7CC16AE44E}.Release|Any CPU.Build.0 = Release|Any CPU
	EndGlobalSection
	GlobalSection(SolutionProperties) = preSolution
		HideSolutionNode = FALSE
	EndGlobalSection
	GlobalSection(ExtensibilityGlobals) = postSolution
		SolutionGuid = {6E8ED5C9-95B6-45F0-8F42-F073D3D08928}
	EndGlobalSection
EndGlobal
